
Microsoft Visual Studio Solution File, Format Version 12.00
# Visual Studio Version 17
VisualStudioVersion = 17.5.33424.131
MinimumVisualStudioVersion = 10.0.40219.1
Project("{8BC9CEB8-8B4A-11D0-8D11-00A0C91BC942}") = "Derevo", "Zadanie 3\Zadanie 3.vcxproj", "{73C05AE5-4499-435E-8003-EBC4684982B2}"
EndProject
Project("{8BC9CEB8-8B4A-11D0-8D11-00A0C91BC942}") = "StaticLib1", "StaticLib1\StaticLib1.vcxproj", "{196252DE-52FE-4A50-A193-DA1ECF5C76D8}"
EndProject
Global
	GlobalSection(SolutionConfigurationPlatforms) = preSolution
		Debug|x64 = Debug|x64
		Debug|x86 = Debug|x86
		Release|x64 = Release|x64
		Release|x86 = Release|x86
	EndGlobalSection
	GlobalSection(ProjectConfigurationPlatforms) = postSolution
		{73C05AE5-4499-435E-8003-EBC4684982B2}.Debug|x64.ActiveCfg = Debug|x64
		{73C05AE5-4499-435E-8003-EBC4684982B2}.Debug|x64.Build.0 = Debug|x64
		{73C05AE5-4499-435E-8003-EBC4684982B2}.Debug|x86.ActiveCfg = Debug|Win32
		{73C05AE5-4499-435E-8003-EBC4684982B2}.Debug|x86.Build.0 = Debug|Win32
		{73C05AE5-4499-435E-8003-EBC4684982B2}.Release|x64.ActiveCfg = Release|x64
		{73C05AE5-4499-435E-8003-EBC4684982B2}.Release|x64.Build.0 = Release|x64
		{73C05AE5-4499-435E-8003-EBC4684982B2}.Release|x86.ActiveCfg = Release|Win32
		{73C05AE5-4499-435E-8003-EBC4684982B2}.Release|x86.Build.0 = Release|Win32
		{196252DE-52FE-4A50-A193-DA1ECF5C76D8}.Debug|x64.ActiveCfg = Debug|x64
		{196252DE-52FE-4A50-A193-DA1ECF5C76D8}.Debug|x64.Build.0 = Debug|x64
		{196252DE-52FE-4A50-A193-DA1ECF5C76D8}.Debug|x86.ActiveCfg = Debug|Win32
		{196252DE-52FE-4A50-A193-DA1ECF5C76D8}.Debug|x86.Build.0 = Debug|Win32
		{196252DE-52FE-4A50-A193-DA1ECF5C76D8}.Release|x64.ActiveCfg = Release|x64
		{196252DE-52FE-4A50-A193-DA1ECF5C76D8}.Release|x64.Build.0 = Release|x64
		{196252DE-52FE-4A50-A193-DA1ECF5C76D8}.Release|x86.ActiveCfg = Release|Win32
		{196252DE-52FE-4A50-A193-DA1ECF5C76D8}.Release|x86.Build.0 = Release|Win32
	EndGlobalSection
	GlobalSection(SolutionProperties) = preSolution
		HideSolutionNode = FALSE
	EndGlobalSection
	GlobalSection(ExtensibilityGlobals) = postSolution
		SolutionGuid = {CECE5732-51B6-4FCD-BD36-D3C23B881408}
	EndGlobalSection
EndGlobal
